
Microsoft Visual Studio Solution File, Format Version 12.00
# Visual Studio Version 17
VisualStudioVersion = 17.7.34202.233
MinimumVisualStudioVersion = 10.0.40219.1
Project("{FAE04EC0-301F-11D3-BF4B-00C04F79EFBC}") = "OS", "OS\OS.csproj", "{ACF69A41-ECD8-45ED-8C79-7CF1B3EFD84E}"
EndProject
Global
	GlobalSection(SolutionConfigurationPlatforms) = preSolution
		Debug|Any CPU = Debug|Any CPU
		Release|Any CPU = Release|Any CPU
	EndGlobalSection
	GlobalSection(ProjectConfigurationPlatforms) = postSolution
		{ACF69A41-ECD8-45ED-8C79-7CF1B3EFD84E}.Debug|Any CPU.ActiveCfg = Debug|Any CPU
		{ACF69A41-ECD8-45ED-8C79-7CF1B3EFD84E}.Debug|Any CPU.Build.0 = Debug|Any CPU
		{ACF69A41-ECD8-45ED-8C79-7CF1B3EFD84E}.Release|Any CPU.ActiveCfg = Release|Any CPU
		{ACF69A41-ECD8-45ED-8C79-7CF1B3EFD84E}.Release|Any CPU.Build.0 = Release|Any CPU
	EndGlobalSection
	GlobalSection(SolutionProperties) = preSolution
		HideSolutionNode = FALSE
	EndGlobalSection
	GlobalSection(ExtensibilityGlobals) = postSolution
		SolutionGuid = {0B7E4FD2-E179-49BB-BF65-2441CA23B96A}
	EndGlobalSection
EndGlobal
